
Microsoft Visual Studio Solution File, Format Version 12.00
# Visual Studio Version 17
VisualStudioVersion = 17.10.35122.118
MinimumVisualStudioVersion = 10.0.40219.1
Project("{FAE04EC0-301F-11D3-BF4B-00C04F79EFBC}") = "MailSender", "MailSender\MailSender.csproj", "{63E517A9-6FD8-45C3-9477-0A7EABAD6EC9}"
EndProject
Project("{FAE04EC0-301F-11D3-BF4B-00C04F79EFBC}") = "MailWindow", "MailWindow\MailWindow.csproj", "{110E2DD1-9846-4103-B8EB-A6374B0C58BD}"
EndProject
Global
	GlobalSection(SolutionConfigurationPlatforms) = preSolution
		Debug|Any CPU = Debug|Any CPU
		Debug|x86 = Debug|x86
		Release|Any CPU = Release|Any CPU
		Release|x86 = Release|x86
	EndGlobalSection
	GlobalSection(ProjectConfigurationPlatforms) = postSolution
		{63E517A9-6FD8-45C3-9477-0A7EABAD6EC9}.Debug|Any CPU.ActiveCfg = Debug|x86
		{63E517A9-6FD8-45C3-9477-0A7EABAD6EC9}.Debug|Any CPU.Build.0 = Debug|x86
		{63E517A9-6FD8-45C3-9477-0A7EABAD6EC9}.Debug|x86.ActiveCfg = Debug|x86
		{63E517A9-6FD8-45C3-9477-0A7EABAD6EC9}.Debug|x86.Build.0 = Debug|x86
		{63E517A9-6FD8-45C3-9477-0A7EABAD6EC9}.Release|Any CPU.ActiveCfg = Release|x86
		{63E517A9-6FD8-45C3-9477-0A7EABAD6EC9}.Release|Any CPU.Build.0 = Release|x86
		{63E517A9-6FD8-45C3-9477-0A7EABAD6EC9}.Release|x86.ActiveCfg = Release|x86
		{63E517A9-6FD8-45C3-9477-0A7EABAD6EC9}.Release|x86.Build.0 = Release|x86
		{110E2DD1-9846-4103-B8EB-A6374B0C58BD}.Debug|Any CPU.ActiveCfg = Debug|Any CPU
		{110E2DD1-9846-4103-B8EB-A6374B0C58BD}.Debug|Any CPU.Build.0 = Debug|Any CPU
		{110E2DD1-9846-4103-B8EB-A6374B0C58BD}.Debug|x86.ActiveCfg = Debug|Any CPU
		{110E2DD1-9846-4103-B8EB-A6374B0C58BD}.Debug|x86.Build.0 = Debug|Any CPU
		{110E2DD1-9846-4103-B8EB-A6374B0C58BD}.Release|Any CPU.ActiveCfg = Release|Any CPU
		{110E2DD1-9846-4103-B8EB-A6374B0C58BD}.Release|Any CPU.Build.0 = Release|Any CPU
		{110E2DD1-9846-4103-B8EB-A6374B0C58BD}.Release|x86.ActiveCfg = Release|Any CPU
		{110E2DD1-9846-4103-B8EB-A6374B0C58BD}.Release|x86.Build.0 = Release|Any CPU
	EndGlobalSection
	GlobalSection(SolutionProperties) = preSolution
		HideSolutionNode = FALSE
	EndGlobalSection
	GlobalSection(ExtensibilityGlobals) = postSolution
		SolutionGuid = {1EE69569-4FA6-4AB2-BF5A-3A5827CC8D24}
	EndGlobalSection
EndGlobal
